// !$*UTF8*$!
{
	archiveVersion = 1;
	classes = {
	};
	objectVersion = 46;
	objects = {

/* Begin PBXBuildFile section */
		70B2F0181EF1F6ED00869430 /* Fabric.framework in Frameworks */ = {isa = PBXBuildFile; fileRef = 70B2F0161EF1F6ED00869430 /* Fabric.framework */; };
		70B2F0191EF1F6ED00869430 /* GameAnalytics.framework in Frameworks */ = {isa = PBXBuildFile; fileRef = 70B2F0171EF1F6ED00869430 /* GameAnalytics.framework */; };
		70B2F01B1EF1F89A00869430 /* Crashlytics.framework in Frameworks */ = {isa = PBXBuildFile; fileRef = 70B2F01A1EF1F89A00869430 /* Crashlytics.framework */; };
		A6092E451EEAE41E0045EAE8 /* SelectGameViewController.swift in Sources */ = {isa = PBXBuildFile; fileRef = A6092E441EEAE41E0045EAE8 /* SelectGameViewController.swift */; };
		A60BC0661EF001A900926EFA /* RingOfFireGame.swift in Sources */ = {isa = PBXBuildFile; fileRef = A60BC0651EF001A900926EFA /* RingOfFireGame.swift */; };
		A60C4AFD1EEAC18500A85038 /* AppDelegate.swift in Sources */ = {isa = PBXBuildFile; fileRef = A60C4AFC1EEAC18500A85038 /* AppDelegate.swift */; };
		A60C4AFF1EEAC18500A85038 /* ViewController.swift in Sources */ = {isa = PBXBuildFile; fileRef = A60C4AFE1EEAC18500A85038 /* ViewController.swift */; };
		A60C4B021EEAC18500A85038 /* Main.storyboard in Resources */ = {isa = PBXBuildFile; fileRef = A60C4B001EEAC18500A85038 /* Main.storyboard */; };
		A60C4B041EEAC18500A85038 /* Assets.xcassets in Resources */ = {isa = PBXBuildFile; fileRef = A60C4B031EEAC18500A85038 /* Assets.xcassets */; };
		A60C4B071EEAC18500A85038 /* LaunchScreen.storyboard in Resources */ = {isa = PBXBuildFile; fileRef = A60C4B051EEAC18500A85038 /* LaunchScreen.storyboard */; };
		A60CDC421EEB5BBF0022F163 /* MostLikelyViewController.swift in Sources */ = {isa = PBXBuildFile; fileRef = A60CDC411EEB5BBF0022F163 /* MostLikelyViewController.swift */; };
		A62240921EEAFACC00D53CDB /* NeverGame.swift in Sources */ = {isa = PBXBuildFile; fileRef = A62240911EEAFACC00D53CDB /* NeverGame.swift */; };
		A642FD331EEBE2EA00F386E1 /* ListGame.swift in Sources */ = {isa = PBXBuildFile; fileRef = A642FD321EEBE2EA00F386E1 /* ListGame.swift */; };
		A642FD371EEC9CDD00F386E1 /* CardSpeaksGame.swift in Sources */ = {isa = PBXBuildFile; fileRef = A642FD361EEC9CDD00F386E1 /* CardSpeaksGame.swift */; };
		A642FD391EECAAC900F386E1 /* UpDownGame.swift in Sources */ = {isa = PBXBuildFile; fileRef = A642FD381EECAAC900F386E1 /* UpDownGame.swift */; };
		A69367AD1EEB636F0024EA61 /* TruthGameViewController.swift in Sources */ = {isa = PBXBuildFile; fileRef = A69367AC1EEB636F0024EA61 /* TruthGameViewController.swift */; };
/* End PBXBuildFile section */

/* Begin PBXFileReference section */
		70B2F0161EF1F6ED00869430 /* Fabric.framework */ = {isa = PBXFileReference; lastKnownFileType = wrapper.framework; path = Fabric.framework; sourceTree = SOURCE_ROOT; };
		70B2F0171EF1F6ED00869430 /* GameAnalytics.framework */ = {isa = PBXFileReference; lastKnownFileType = wrapper.framework; path = GameAnalytics.framework; sourceTree = SOURCE_ROOT; };
		70B2F01A1EF1F89A00869430 /* Crashlytics.framework */ = {isa = PBXFileReference; lastKnownFileType = wrapper.framework; path = Crashlytics.framework; sourceTree = SOURCE_ROOT; };
		A6092E441EEAE41E0045EAE8 /* SelectGameViewController.swift */ = {isa = PBXFileReference; fileEncoding = 4; lastKnownFileType = sourcecode.swift; path = SelectGameViewController.swift; sourceTree = "<group>"; };
		A60BC0651EF001A900926EFA /* RingOfFireGame.swift */ = {isa = PBXFileReference; fileEncoding = 4; lastKnownFileType = sourcecode.swift; name = RingOfFireGame.swift; path = ../RingOfFireGame.swift; sourceTree = "<group>"; };
		A60C4AF91EEAC18500A85038 /* Binge.app */ = {isa = PBXFileReference; explicitFileType = wrapper.application; includeInIndex = 0; path = Binge.app; sourceTree = BUILT_PRODUCTS_DIR; };
		A60C4AFC1EEAC18500A85038 /* AppDelegate.swift */ = {isa = PBXFileReference; lastKnownFileType = sourcecode.swift; path = AppDelegate.swift; sourceTree = "<group>"; };
		A60C4AFE1EEAC18500A85038 /* ViewController.swift */ = {isa = PBXFileReference; lastKnownFileType = sourcecode.swift; path = ViewController.swift; sourceTree = "<group>"; };
		A60C4B011EEAC18500A85038 /* Base */ = {isa = PBXFileReference; lastKnownFileType = file.storyboard; name = Base; path = Base.lproj/Main.storyboard; sourceTree = "<group>"; };
		A60C4B031EEAC18500A85038 /* Assets.xcassets */ = {isa = PBXFileReference; lastKnownFileType = folder.assetcatalog; path = Assets.xcassets; sourceTree = "<group>"; };
		A60C4B061EEAC18500A85038 /* Base */ = {isa = PBXFileReference; lastKnownFileType = file.storyboard; name = Base; path = Base.lproj/LaunchScreen.storyboard; sourceTree = "<group>"; };
		A60C4B081EEAC18500A85038 /* Info.plist */ = {isa = PBXFileReference; lastKnownFileType = text.plist.xml; path = Info.plist; sourceTree = "<group>"; };
		A60CDC411EEB5BBF0022F163 /* MostLikelyViewController.swift */ = {isa = PBXFileReference; fileEncoding = 4; lastKnownFileType = sourcecode.swift; path = MostLikelyViewController.swift; sourceTree = "<group>"; };
		A62240911EEAFACC00D53CDB /* NeverGame.swift */ = {isa = PBXFileReference; fileEncoding = 4; lastKnownFileType = sourcecode.swift; name = NeverGame.swift; path = ../NeverGame.swift; sourceTree = "<group>"; };
		A642FD321EEBE2EA00F386E1 /* ListGame.swift */ = {isa = PBXFileReference; fileEncoding = 4; lastKnownFileType = sourcecode.swift; path = ListGame.swift; sourceTree = "<group>"; };
		A642FD361EEC9CDD00F386E1 /* CardSpeaksGame.swift */ = {isa = PBXFileReference; fileEncoding = 4; lastKnownFileType = sourcecode.swift; name = CardSpeaksGame.swift; path = ../CardSpeaksGame.swift; sourceTree = "<group>"; };
		A642FD381EECAAC900F386E1 /* UpDownGame.swift */ = {isa = PBXFileReference; fileEncoding = 4; lastKnownFileType = sourcecode.swift; path = UpDownGame.swift; sourceTree = "<group>"; };
		A69367AC1EEB636F0024EA61 /* TruthGameViewController.swift */ = {isa = PBXFileReference; fileEncoding = 4; lastKnownFileType = sourcecode.swift; path = TruthGameViewController.swift; sourceTree = "<group>"; };
/* End PBXFileReference section */

/* Begin PBXFrameworksBuildPhase section */
		A60C4AF61EEAC18500A85038 /* Frameworks */ = {
			isa = PBXFrameworksBuildPhase;
			buildActionMask = 2147483647;
			files = (
				70B2F0181EF1F6ED00869430 /* Fabric.framework in Frameworks */,
				70B2F01B1EF1F89A00869430 /* Crashlytics.framework in Frameworks */,
				70B2F0191EF1F6ED00869430 /* GameAnalytics.framework in Frameworks */,
			);
			runOnlyForDeploymentPostprocessing = 0;
		};
/* End PBXFrameworksBuildPhase section */

/* Begin PBXGroup section */
		A60C4AF01EEAC18500A85038 = {
			isa = PBXGroup;
			children = (
				A60C4AFB1EEAC18500A85038 /* Binge */,
				A60C4AFA1EEAC18500A85038 /* Products */,
			);
			sourceTree = "<group>";
		};
		A60C4AFA1EEAC18500A85038 /* Products */ = {
			isa = PBXGroup;
			children = (
				A60C4AF91EEAC18500A85038 /* Binge.app */,
			);
			name = Products;
			sourceTree = "<group>";
		};
		A60C4AFB1EEAC18500A85038 /* Binge */ = {
			isa = PBXGroup;
			children = (
				70B2F01A1EF1F89A00869430 /* Crashlytics.framework */,
				70B2F0161EF1F6ED00869430 /* Fabric.framework */,
				70B2F0171EF1F6ED00869430 /* GameAnalytics.framework */,
				A60C4AFC1EEAC18500A85038 /* AppDelegate.swift */,
				A60C4AFE1EEAC18500A85038 /* ViewController.swift */,
				A60C4B001EEAC18500A85038 /* Main.storyboard */,
				A6092E441EEAE41E0045EAE8 /* SelectGameViewController.swift */,
				A642FD381EECAAC900F386E1 /* UpDownGame.swift */,
				A69367AC1EEB636F0024EA61 /* TruthGameViewController.swift */,
				A60CDC411EEB5BBF0022F163 /* MostLikelyViewController.swift */,
				A62240911EEAFACC00D53CDB /* NeverGame.swift */,
				A642FD361EEC9CDD00F386E1 /* CardSpeaksGame.swift */,
				A642FD321EEBE2EA00F386E1 /* ListGame.swift */,
				A60BC0651EF001A900926EFA /* RingOfFireGame.swift */,
				A60C4B031EEAC18500A85038 /* Assets.xcassets */,
				A60C4B051EEAC18500A85038 /* LaunchScreen.storyboard */,
				A60C4B081EEAC18500A85038 /* Info.plist */,
			);
			path = Binge;
			sourceTree = "<group>";
		};
/* End PBXGroup section */

/* Begin PBXNativeTarget section */
		A60C4AF81EEAC18500A85038 /* Binge */ = {
			isa = PBXNativeTarget;
			buildConfigurationList = A60C4B0B1EEAC18500A85038 /* Build configuration list for PBXNativeTarget "Binge" */;
			buildPhases = (
				A60C4AF51EEAC18500A85038 /* Sources */,
				A60C4AF61EEAC18500A85038 /* Frameworks */,
				A60C4AF71EEAC18500A85038 /* Resources */,
				70B2F0151EF1F6C800869430 /* ShellScript */,
			);
			buildRules = (
			);
			dependencies = (
			);
			name = Binge;
			productName = Binge;
			productReference = A60C4AF91EEAC18500A85038 /* Binge.app */;
			productType = "com.apple.product-type.application";
		};
/* End PBXNativeTarget section */

/* Begin PBXProject section */
		A60C4AF11EEAC18500A85038 /* Project object */ = {
			isa = PBXProject;
			attributes = {
				LastSwiftUpdateCheck = 0830;
				LastUpgradeCheck = 0830;
				ORGANIZATIONNAME = "Marco Gravbrøt";
				TargetAttributes = {
					A60C4AF81EEAC18500A85038 = {
						CreatedOnToolsVersion = 8.3.3;
						DevelopmentTeam = QA5PWCPA8T;
						ProvisioningStyle = Automatic;
					};
				};
			};
			buildConfigurationList = A60C4AF41EEAC18500A85038 /* Build configuration list for PBXProject "Binge" */;
			compatibilityVersion = "Xcode 3.2";
			developmentRegion = English;
			hasScannedForEncodings = 0;
			knownRegions = (
				en,
				Base,
			);
			mainGroup = A60C4AF01EEAC18500A85038;
			productRefGroup = A60C4AFA1EEAC18500A85038 /* Products */;
			projectDirPath = "";
			projectRoot = "";
			targets = (
				A60C4AF81EEAC18500A85038 /* Binge */,
			);
		};
/* End PBXProject section */

/* Begin PBXResourcesBuildPhase section */
		A60C4AF71EEAC18500A85038 /* Resources */ = {
			isa = PBXResourcesBuildPhase;
			buildActionMask = 2147483647;
			files = (
				A60C4B071EEAC18500A85038 /* LaunchScreen.storyboard in Resources */,
				A60C4B041EEAC18500A85038 /* Assets.xcassets in Resources */,
				A60C4B021EEAC18500A85038 /* Main.storyboard in Resources */,
			);
			runOnlyForDeploymentPostprocessing = 0;
		};
/* End PBXResourcesBuildPhase section */

/* Begin PBXShellScriptBuildPhase section */
		70B2F0151EF1F6C800869430 /* ShellScript */ = {
			isa = PBXShellScriptBuildPhase;
			buildActionMask = 2147483647;
			files = (
			);
			inputPaths = (
			);
			outputPaths = (
			);
			runOnlyForDeploymentPostprocessing = 0;
			shellPath = /bin/sh;
			shellScript = "./Fabric.framework/run 7bd822ceb6ea1215c74399b21d1576535ded9902 83f53efa436b609244d68317b665b5d2c5315bff114863c32659524e5327c618";
		};
/* End PBXShellScriptBuildPhase section */

/* Begin PBXSourcesBuildPhase section */
		A60C4AF51EEAC18500A85038 /* Sources */ = {
			isa = PBXSourcesBuildPhase;
			buildActionMask = 2147483647;
			files = (
				A62240921EEAFACC00D53CDB /* NeverGame.swift in Sources */,
				A60CDC421EEB5BBF0022F163 /* MostLikelyViewController.swift in Sources */,
				A642FD371EEC9CDD00F386E1 /* CardSpeaksGame.swift in Sources */,
				A60C4AFF1EEAC18500A85038 /* ViewController.swift in Sources */,
				A642FD391EECAAC900F386E1 /* UpDownGame.swift in Sources */,
				A6092E451EEAE41E0045EAE8 /* SelectGameViewController.swift in Sources */,
				A69367AD1EEB636F0024EA61 /* TruthGameViewController.swift in Sources */,
				A642FD331EEBE2EA00F386E1 /* ListGame.swift in Sources */,
				A60BC0661EF001A900926EFA /* RingOfFireGame.swift in Sources */,
				A60C4AFD1EEAC18500A85038 /* AppDelegate.swift in Sources */,
			);
			runOnlyForDeploymentPostprocessing = 0;
		};
/* End PBXSourcesBuildPhase section */

/* Begin PBXVariantGroup section */
		A60C4B001EEAC18500A85038 /* Main.storyboard */ = {
			isa = PBXVariantGroup;
			children = (
				A60C4B011EEAC18500A85038 /* Base */,
			);
			name = Main.storyboard;
			sourceTree = "<group>";
		};
		A60C4B051EEAC18500A85038 /* LaunchScreen.storyboard */ = {
			isa = PBXVariantGroup;
			children = (
				A60C4B061EEAC18500A85038 /* Base */,
			);
			name = LaunchScreen.storyboard;
			sourceTree = "<group>";
		};
/* End PBXVariantGroup section */

/* Begin XCBuildConfiguration section */
		A60C4B091EEAC18500A85038 /* Debug */ = {
			isa = XCBuildConfiguration;
			buildSettings = {
				ALWAYS_SEARCH_USER_PATHS = NO;
				CLANG_ANALYZER_NONNULL = YES;
				CLANG_ANALYZER_NUMBER_OBJECT_CONVERSION = YES_AGGRESSIVE;
				CLANG_CXX_LANGUAGE_STANDARD = "gnu++0x";
				CLANG_CXX_LIBRARY = "libc++";
				CLANG_ENABLE_MODULES = YES;
				CLANG_ENABLE_OBJC_ARC = YES;
				CLANG_WARN_BOOL_CONVERSION = YES;
				CLANG_WARN_CONSTANT_CONVERSION = YES;
				CLANG_WARN_DIRECT_OBJC_ISA_USAGE = YES_ERROR;
				CLANG_WARN_DOCUMENTATION_COMMENTS = YES;
				CLANG_WARN_EMPTY_BODY = YES;
				CLANG_WARN_ENUM_CONVERSION = YES;
				CLANG_WARN_INFINITE_RECURSION = YES;
				CLANG_WARN_INT_CONVERSION = YES;
				CLANG_WARN_OBJC_ROOT_CLASS = YES_ERROR;
				CLANG_WARN_SUSPICIOUS_MOVE = YES;
				CLANG_WARN_UNREACHABLE_CODE = YES;
				CLANG_WARN__DUPLICATE_METHOD_MATCH = YES;
				"CODE_SIGN_IDENTITY[sdk=iphoneos*]" = "iPhone Developer";
				COPY_PHASE_STRIP = NO;
				DEBUG_INFORMATION_FORMAT = dwarf;
				ENABLE_STRICT_OBJC_MSGSEND = YES;
				ENABLE_TESTABILITY = YES;
				GCC_C_LANGUAGE_STANDARD = gnu99;
				GCC_DYNAMIC_NO_PIC = NO;
				GCC_NO_COMMON_BLOCKS = YES;
				GCC_OPTIMIZATION_LEVEL = 0;
				GCC_PREPROCESSOR_DEFINITIONS = (
					"DEBUG=1",
					"$(inherited)",
				);
				GCC_WARN_64_TO_32_BIT_CONVERSION = YES;
				GCC_WARN_ABOUT_RETURN_TYPE = YES_ERROR;
				GCC_WARN_UNDECLARED_SELECTOR = YES;
				GCC_WARN_UNINITIALIZED_AUTOS = YES_AGGRESSIVE;
				GCC_WARN_UNUSED_FUNCTION = YES;
				GCC_WARN_UNUSED_VARIABLE = YES;
				IPHONEOS_DEPLOYMENT_TARGET = 10.3;
				MTL_ENABLE_DEBUG_INFO = YES;
				ONLY_ACTIVE_ARCH = YES;
				SDKROOT = iphoneos;
				SWIFT_ACTIVE_COMPILATION_CONDITIONS = DEBUG;
				SWIFT_OPTIMIZATION_LEVEL = "-Onone";
				TARGETED_DEVICE_FAMILY = "1,2";
			};
			name = Debug;
		};
		A60C4B0A1EEAC18500A85038 /* Release */ = {
			isa = XCBuildConfiguration;
			buildSettings = {
				ALWAYS_SEARCH_USER_PATHS = NO;
				CLANG_ANALYZER_NONNULL = YES;
				CLANG_ANALYZER_NUMBER_OBJECT_CONVERSION = YES_AGGRESSIVE;
				CLANG_CXX_LANGUAGE_STANDARD = "gnu++0x";
				CLANG_CXX_LIBRARY = "libc++";
				CLANG_ENABLE_MODULES = YES;
				CLANG_ENABLE_OBJC_ARC = YES;
				CLANG_WARN_BOOL_CONVERSION = YES;
				CLANG_WARN_CONSTANT_CONVERSION = YES;
				CLANG_WARN_DIRECT_OBJC_ISA_USAGE = YES_ERROR;
				CLANG_WARN_DOCUMENTATION_COMMENTS = YES;
				CLANG_WARN_EMPTY_BODY = YES;
				CLANG_WARN_ENUM_CONVERSION = YES;
				CLANG_WARN_INFINITE_RECURSION = YES;
				CLANG_WARN_INT_CONVERSION = YES;
				CLANG_WARN_OBJC_ROOT_CLASS = YES_ERROR;
				CLANG_WARN_SUSPICIOUS_MOVE = YES;
				CLANG_WARN_UNREACHABLE_CODE = YES;
				CLANG_WARN__DUPLICATE_METHOD_MATCH = YES;
				"CODE_SIGN_IDENTITY[sdk=iphoneos*]" = "iPhone Developer";
				COPY_PHASE_STRIP = NO;
				DEBUG_INFORMATION_FORMAT = "dwarf-with-dsym";
				ENABLE_NS_ASSERTIONS = NO;
				ENABLE_STRICT_OBJC_MSGSEND = YES;
				GCC_C_LANGUAGE_STANDARD = gnu99;
				GCC_NO_COMMON_BLOCKS = YES;
				GCC_WARN_64_TO_32_BIT_CONVERSION = YES;
				GCC_WARN_ABOUT_RETURN_TYPE = YES_ERROR;
				GCC_WARN_UNDECLARED_SELECTOR = YES;
				GCC_WARN_UNINITIALIZED_AUTOS = YES_AGGRESSIVE;
				GCC_WARN_UNUSED_FUNCTION = YES;
				GCC_WARN_UNUSED_VARIABLE = YES;
				IPHONEOS_DEPLOYMENT_TARGET = 10.3;
				MTL_ENABLE_DEBUG_INFO = NO;
				SDKROOT = iphoneos;
				SWIFT_OPTIMIZATION_LEVEL = "-Owholemodule";
				TARGETED_DEVICE_FAMILY = "1,2";
				VALIDATE_PRODUCT = YES;
			};
			name = Release;
		};
		A60C4B0C1EEAC18500A85038 /* Debug */ = {
			isa = XCBuildConfiguration;
			buildSettings = {
				ASSETCATALOG_COMPILER_APPICON_NAME = AppIcon;
				"CODE_SIGN_IDENTITY[sdk=iphoneos*]" = "iPhone Developer";
				DEVELOPMENT_TEAM = QA5PWCPA8T;
				FRAMEWORK_SEARCH_PATHS = (
					"$(inherited)",
					"$(PROJECT_DIR)",
				);
				INFOPLIST_FILE = Binge/Info.plist;
				IPHONEOS_DEPLOYMENT_TARGET = 10.3;
				LD_RUNPATH_SEARCH_PATHS = "$(inherited) @executable_path/Frameworks";
				PRODUCT_BUNDLE_IDENTIFIER = com.marcogravbrot.Binge;
				PRODUCT_NAME = "$(TARGET_NAME)";
				PROVISIONING_PROFILE_SPECIFIER = "";
				SWIFT_VERSION = 3.0;
				TARGETED_DEVICE_FAMILY = "1,2";
			};
			name = Debug;
		};
		A60C4B0D1EEAC18500A85038 /* Release */ = {
			isa = XCBuildConfiguration;
			buildSettings = {
				ASSETCATALOG_COMPILER_APPICON_NAME = AppIcon;
				"CODE_SIGN_IDENTITY[sdk=iphoneos*]" = "iPhone Developer";
				DEVELOPMENT_TEAM = QA5PWCPA8T;
				FRAMEWORK_SEARCH_PATHS = (
					"$(inherited)",
					"$(PROJECT_DIR)",
				);
				INFOPLIST_FILE = Binge/Info.plist;
				IPHONEOS_DEPLOYMENT_TARGET = 10.3;
				LD_RUNPATH_SEARCH_PATHS = "$(inherited) @executable_path/Frameworks";
				PRODUCT_BUNDLE_IDENTIFIER = com.marcogravbrot.Binge;
				PRODUCT_NAME = "$(TARGET_NAME)";
				PROVISIONING_PROFILE_SPECIFIER = "";
				SWIFT_VERSION = 3.0;
				TARGETED_DEVICE_FAMILY = "1,2";
			};
			name = Release;
		};
/* End XCBuildConfiguration section */

/* Begin XCConfigurationList section */
		A60C4AF41EEAC18500A85038 /* Build configuration list for PBXProject "Binge" */ = {
			isa = XCConfigurationList;
			buildConfigurations = (
				A60C4B091EEAC18500A85038 /* Debug */,
				A60C4B0A1EEAC18500A85038 /* Release */,
			);
			defaultConfigurationIsVisible = 0;
			defaultConfigurationName = Release;
		};
		A60C4B0B1EEAC18500A85038 /* Build configuration list for PBXNativeTarget "Binge" */ = {
			isa = XCConfigurationList;
			buildConfigurations = (
				A60C4B0C1EEAC18500A85038 /* Debug */,
				A60C4B0D1EEAC18500A85038 /* Release */,
			);
			defaultConfigurationIsVisible = 0;
			defaultConfigurationName = Release;
		};
/* End XCConfigurationList section */
	};
	rootObject = A60C4AF11EEAC18500A85038 /* Project object */;
}
